
Microsoft Visual Studio Solution File, Format Version 12.00
# Visual Studio Version 17
VisualStudioVersion = 17.4.33403.182
MinimumVisualStudioVersion = 10.0.40219.1
Project("{9A19103F-16F7-4668-BE54-9A1E7A4F7556}") = "Trololo", "Trololo\Trololo.csproj", "{7FD9F632-FEBB-4AF9-942C-73A428A50663}"
EndProject
Global
	GlobalSection(SolutionConfigurationPlatforms) = preSolution
		Debug|Any CPU = Debug|Any CPU
		Release|Any CPU = Release|Any CPU
	EndGlobalSection
	GlobalSection(ProjectConfigurationPlatforms) = postSolution
		{7FD9F632-FEBB-4AF9-942C-73A428A50663}.Debug|Any CPU.ActiveCfg = Debug|Any CPU
		{7FD9F632-FEBB-4AF9-942C-73A428A50663}.Debug|Any CPU.Build.0 = Debug|Any CPU
		{7FD9F632-FEBB-4AF9-942C-73A428A50663}.Release|Any CPU.ActiveCfg = Release|Any CPU
		{7FD9F632-FEBB-4AF9-942C-73A428A50663}.Release|Any CPU.Build.0 = Release|Any CPU
	EndGlobalSection
	GlobalSection(SolutionProperties) = preSolution
		HideSolutionNode = FALSE
	EndGlobalSection
	GlobalSection(ExtensibilityGlobals) = postSolution
		SolutionGuid = {A7818AD8-BCEF-446E-96A7-698B95B62D66}
	EndGlobalSection
EndGlobal
